// !$*UTF8*$!
{
	archiveVersion = 1;
	classes = {
	};
	objectVersion = 46;
	objects = {

/* Begin PBXBuildFile section */
		4122633F1DBBA9C9006F4FB1 /* AppDelegate.swift in Sources */ = {isa = PBXBuildFile; fileRef = 4122633E1DBBA9C9006F4FB1 /* AppDelegate.swift */; };
		412263411DBBA9C9006F4FB1 /* ViewController.swift in Sources */ = {isa = PBXBuildFile; fileRef = 412263401DBBA9C9006F4FB1 /* ViewController.swift */; };
		412263441DBBA9C9006F4FB1 /* Main.storyboard in Resources */ = {isa = PBXBuildFile; fileRef = 412263421DBBA9C9006F4FB1 /* Main.storyboard */; };
		412263461DBBA9C9006F4FB1 /* Assets.xcassets in Resources */ = {isa = PBXBuildFile; fileRef = 412263451DBBA9C9006F4FB1 /* Assets.xcassets */; };
		412263491DBBA9C9006F4FB1 /* LaunchScreen.storyboard in Resources */ = {isa = PBXBuildFile; fileRef = 412263471DBBA9C9006F4FB1 /* LaunchScreen.storyboard */; };
		412263541DBBA9C9006F4FB1 /* Permanent_Data_StorageTests.swift in Sources */ = {isa = PBXBuildFile; fileRef = 412263531DBBA9C9006F4FB1 /* Permanent_Data_StorageTests.swift */; };
		4122635F1DBBA9C9006F4FB1 /* Permanent_Data_StorageUITests.swift in Sources */ = {isa = PBXBuildFile; fileRef = 4122635E1DBBA9C9006F4FB1 /* Permanent_Data_StorageUITests.swift */; };
/* End PBXBuildFile section */

/* Begin PBXContainerItemProxy section */
		412263501DBBA9C9006F4FB1 /* PBXContainerItemProxy */ = {
			isa = PBXContainerItemProxy;
			containerPortal = 412263331DBBA9C9006F4FB1 /* Project object */;
			proxyType = 1;
			remoteGlobalIDString = 4122633A1DBBA9C9006F4FB1;
			remoteInfo = "Permanent Data Storage";
		};
		4122635B1DBBA9C9006F4FB1 /* PBXContainerItemProxy */ = {
			isa = PBXContainerItemProxy;
			containerPortal = 412263331DBBA9C9006F4FB1 /* Project object */;
			proxyType = 1;
			remoteGlobalIDString = 4122633A1DBBA9C9006F4FB1;
			remoteInfo = "Permanent Data Storage";
		};
/* End PBXContainerItemProxy section */

/* Begin PBXFileReference section */
		4122633B1DBBA9C9006F4FB1 /* Permanent Data Storage.app */ = {isa = PBXFileReference; explicitFileType = wrapper.application; includeInIndex = 0; path = "Permanent Data Storage.app"; sourceTree = BUILT_PRODUCTS_DIR; };
		4122633E1DBBA9C9006F4FB1 /* AppDelegate.swift */ = {isa = PBXFileReference; lastKnownFileType = sourcecode.swift; path = AppDelegate.swift; sourceTree = "<group>"; };
		412263401DBBA9C9006F4FB1 /* ViewController.swift */ = {isa = PBXFileReference; lastKnownFileType = sourcecode.swift; path = ViewController.swift; sourceTree = "<group>"; };
		412263431DBBA9C9006F4FB1 /* Base */ = {isa = PBXFileReference; lastKnownFileType = file.storyboard; name = Base; path = Base.lproj/Main.storyboard; sourceTree = "<group>"; };
		412263451DBBA9C9006F4FB1 /* Assets.xcassets */ = {isa = PBXFileReference; lastKnownFileType = folder.assetcatalog; path = Assets.xcassets; sourceTree = "<group>"; };
		412263481DBBA9C9006F4FB1 /* Base */ = {isa = PBXFileReference; lastKnownFileType = file.storyboard; name = Base; path = Base.lproj/LaunchScreen.storyboard; sourceTree = "<group>"; };
		4122634A1DBBA9C9006F4FB1 /* Info.plist */ = {isa = PBXFileReference; lastKnownFileType = text.plist.xml; path = Info.plist; sourceTree = "<group>"; };
		4122634F1DBBA9C9006F4FB1 /* Permanent Data StorageTests.xctest */ = {isa = PBXFileReference; explicitFileType = wrapper.cfbundle; includeInIndex = 0; path = "Permanent Data StorageTests.xctest"; sourceTree = BUILT_PRODUCTS_DIR; };
		412263531DBBA9C9006F4FB1 /* Permanent_Data_StorageTests.swift */ = {isa = PBXFileReference; lastKnownFileType = sourcecode.swift; path = Permanent_Data_StorageTests.swift; sourceTree = "<group>"; };
		412263551DBBA9C9006F4FB1 /* Info.plist */ = {isa = PBXFileReference; lastKnownFileType = text.plist.xml; path = Info.plist; sourceTree = "<group>"; };
		4122635A1DBBA9C9006F4FB1 /* Permanent Data StorageUITests.xctest */ = {isa = PBXFileReference; explicitFileType = wrapper.cfbundle; includeInIndex = 0; path = "Permanent Data StorageUITests.xctest"; sourceTree = BUILT_PRODUCTS_DIR; };
		4122635E1DBBA9C9006F4FB1 /* Permanent_Data_StorageUITests.swift */ = {isa = PBXFileReference; lastKnownFileType = sourcecode.swift; path = Permanent_Data_StorageUITests.swift; sourceTree = "<group>"; };
		412263601DBBA9C9006F4FB1 /* Info.plist */ = {isa = PBXFileReference; lastKnownFileType = text.plist.xml; path = Info.plist; sourceTree = "<group>"; };
/* End PBXFileReference section */

/* Begin PBXFrameworksBuildPhase section */
		412263381DBBA9C9006F4FB1 /* Frameworks */ = {
			isa = PBXFrameworksBuildPhase;
			buildActionMask = 2147483647;
			files = (
			);
			runOnlyForDeploymentPostprocessing = 0;
		};
		4122634C1DBBA9C9006F4FB1 /* Frameworks */ = {
			isa = PBXFrameworksBuildPhase;
			buildActionMask = 2147483647;
			files = (
			);
			runOnlyForDeploymentPostprocessing = 0;
		};
		412263571DBBA9C9006F4FB1 /* Frameworks */ = {
			isa = PBXFrameworksBuildPhase;
			buildActionMask = 2147483647;
			files = (
			);
			runOnlyForDeploymentPostprocessing = 0;
		};
/* End PBXFrameworksBuildPhase section */

/* Begin PBXGroup section */
		412263321DBBA9C9006F4FB1 = {
			isa = PBXGroup;
			children = (
				4122633D1DBBA9C9006F4FB1 /* Permanent Data Storage */,
				412263521DBBA9C9006F4FB1 /* Permanent Data StorageTests */,
				4122635D1DBBA9C9006F4FB1 /* Permanent Data StorageUITests */,
				4122633C1DBBA9C9006F4FB1 /* Products */,
			);
			sourceTree = "<group>";
		};
		4122633C1DBBA9C9006F4FB1 /* Products */ = {
			isa = PBXGroup;
			children = (
				4122633B1DBBA9C9006F4FB1 /* Permanent Data Storage.app */,
				4122634F1DBBA9C9006F4FB1 /* Permanent Data StorageTests.xctest */,
				4122635A1DBBA9C9006F4FB1 /* Permanent Data StorageUITests.xctest */,
			);
			name = Products;
			sourceTree = "<group>";
		};
		4122633D1DBBA9C9006F4FB1 /* Permanent Data Storage */ = {
			isa = PBXGroup;
			children = (
				4122633E1DBBA9C9006F4FB1 /* AppDelegate.swift */,
				412263401DBBA9C9006F4FB1 /* ViewController.swift */,
				412263421DBBA9C9006F4FB1 /* Main.storyboard */,
				412263451DBBA9C9006F4FB1 /* Assets.xcassets */,
				412263471DBBA9C9006F4FB1 /* LaunchScreen.storyboard */,
				4122634A1DBBA9C9006F4FB1 /* Info.plist */,
			);
			path = "Permanent Data Storage";
			sourceTree = "<group>";
		};
		412263521DBBA9C9006F4FB1 /* Permanent Data StorageTests */ = {
			isa = PBXGroup;
			children = (
				412263531DBBA9C9006F4FB1 /* Permanent_Data_StorageTests.swift */,
				412263551DBBA9C9006F4FB1 /* Info.plist */,
			);
			path = "Permanent Data StorageTests";
			sourceTree = "<group>";
		};
		4122635D1DBBA9C9006F4FB1 /* Permanent Data StorageUITests */ = {
			isa = PBXGroup;
			children = (
				4122635E1DBBA9C9006F4FB1 /* Permanent_Data_StorageUITests.swift */,
				412263601DBBA9C9006F4FB1 /* Info.plist */,
			);
			path = "Permanent Data StorageUITests";
			sourceTree = "<group>";
		};
/* End PBXGroup section */

/* Begin PBXNativeTarget section */
		4122633A1DBBA9C9006F4FB1 /* Permanent Data Storage */ = {
			isa = PBXNativeTarget;
			buildConfigurationList = 412263631DBBA9C9006F4FB1 /* Build configuration list for PBXNativeTarget "Permanent Data Storage" */;
			buildPhases = (
				412263371DBBA9C9006F4FB1 /* Sources */,
				412263381DBBA9C9006F4FB1 /* Frameworks */,
				412263391DBBA9C9006F4FB1 /* Resources */,
			);
			buildRules = (
			);
			dependencies = (
			);
			name = "Permanent Data Storage";
			productName = "Permanent Data Storage";
			productReference = 4122633B1DBBA9C9006F4FB1 /* Permanent Data Storage.app */;
			productType = "com.apple.product-type.application";
		};
		4122634E1DBBA9C9006F4FB1 /* Permanent Data StorageTests */ = {
			isa = PBXNativeTarget;
			buildConfigurationList = 412263661DBBA9C9006F4FB1 /* Build configuration list for PBXNativeTarget "Permanent Data StorageTests" */;
			buildPhases = (
				4122634B1DBBA9C9006F4FB1 /* Sources */,
				4122634C1DBBA9C9006F4FB1 /* Frameworks */,
				4122634D1DBBA9C9006F4FB1 /* Resources */,
			);
			buildRules = (
			);
			dependencies = (
				412263511DBBA9C9006F4FB1 /* PBXTargetDependency */,
			);
			name = "Permanent Data StorageTests";
			productName = "Permanent Data StorageTests";
			productReference = 4122634F1DBBA9C9006F4FB1 /* Permanent Data StorageTests.xctest */;
			productType = "com.apple.product-type.bundle.unit-test";
		};
		412263591DBBA9C9006F4FB1 /* Permanent Data StorageUITests */ = {
			isa = PBXNativeTarget;
			buildConfigurationList = 412263691DBBA9C9006F4FB1 /* Build configuration list for PBXNativeTarget "Permanent Data StorageUITests" */;
			buildPhases = (
				412263561DBBA9C9006F4FB1 /* Sources */,
				412263571DBBA9C9006F4FB1 /* Frameworks */,
				412263581DBBA9C9006F4FB1 /* Resources */,
			);
			buildRules = (
			);
			dependencies = (
				4122635C1DBBA9C9006F4FB1 /* PBXTargetDependency */,
			);
			name = "Permanent Data StorageUITests";
			productName = "Permanent Data StorageUITests";
			productReference = 4122635A1DBBA9C9006F4FB1 /* Permanent Data StorageUITests.xctest */;
			productType = "com.apple.product-type.bundle.ui-testing";
		};
/* End PBXNativeTarget section */

/* Begin PBXProject section */
		412263331DBBA9C9006F4FB1 /* Project object */ = {
			isa = PBXProject;
			attributes = {
				LastSwiftUpdateCheck = 0800;
				LastUpgradeCheck = 0800;
				ORGANIZATIONNAME = "Rahul Lakhaney";
				TargetAttributes = {
					4122633A1DBBA9C9006F4FB1 = {
						CreatedOnToolsVersion = 8.0;
						ProvisioningStyle = Automatic;
					};
					4122634E1DBBA9C9006F4FB1 = {
						CreatedOnToolsVersion = 8.0;
						ProvisioningStyle = Automatic;
						TestTargetID = 4122633A1DBBA9C9006F4FB1;
					};
					412263591DBBA9C9006F4FB1 = {
						CreatedOnToolsVersion = 8.0;
						ProvisioningStyle = Automatic;
						TestTargetID = 4122633A1DBBA9C9006F4FB1;
					};
				};
			};
			buildConfigurationList = 412263361DBBA9C9006F4FB1 /* Build configuration list for PBXProject "Permanent Data Storage" */;
			compatibilityVersion = "Xcode 3.2";
			developmentRegion = English;
			hasScannedForEncodings = 0;
			knownRegions = (
				en,
				Base,
			);
			mainGroup = 412263321DBBA9C9006F4FB1;
			productRefGroup = 4122633C1DBBA9C9006F4FB1 /* Products */;
			projectDirPath = "";
			projectRoot = "";
			targets = (
				4122633A1DBBA9C9006F4FB1 /* Permanent Data Storage */,
				4122634E1DBBA9C9006F4FB1 /* Permanent Data StorageTests */,
				412263591DBBA9C9006F4FB1 /* Permanent Data StorageUITests */,
			);
		};
/* End PBXProject section */

/* Begin PBXResourcesBuildPhase section */
		412263391DBBA9C9006F4FB1 /* Resources */ = {
			isa = PBXResourcesBuildPhase;
			buildActionMask = 2147483647;
			files = (
				412263491DBBA9C9006F4FB1 /* LaunchScreen.storyboard in Resources */,
				412263461DBBA9C9006F4FB1 /* Assets.xcassets in Resources */,
				412263441DBBA9C9006F4FB1 /* Main.storyboard in Resources */,
			);
			runOnlyForDeploymentPostprocessing = 0;
		};
		4122634D1DBBA9C9006F4FB1 /* Resources */ = {
			isa = PBXResourcesBuildPhase;
			buildActionMask = 2147483647;
			files = (
			);
			runOnlyForDeploymentPostprocessing = 0;
		};
		412263581DBBA9C9006F4FB1 /* Resources */ = {
			isa = PBXResourcesBuildPhase;
			buildActionMask = 2147483647;
			files = (
			);
			runOnlyForDeploymentPostprocessing = 0;
		};
/* End PBXResourcesBuildPhase section */

/* Begin PBXSourcesBuildPhase section */
		412263371DBBA9C9006F4FB1 /* Sources */ = {
			isa = PBXSourcesBuildPhase;
			buildActionMask = 2147483647;
			files = (
				412263411DBBA9C9006F4FB1 /* ViewController.swift in Sources */,
				4122633F1DBBA9C9006F4FB1 /* AppDelegate.swift in Sources */,
			);
			runOnlyForDeploymentPostprocessing = 0;
		};
		4122634B1DBBA9C9006F4FB1 /* Sources */ = {
			isa = PBXSourcesBuildPhase;
			buildActionMask = 2147483647;
			files = (
				412263541DBBA9C9006F4FB1 /* Permanent_Data_StorageTests.swift in Sources */,
			);
			runOnlyForDeploymentPostprocessing = 0;
		};
		412263561DBBA9C9006F4FB1 /* Sources */ = {
			isa = PBXSourcesBuildPhase;
			buildActionMask = 2147483647;
			files = (
				4122635F1DBBA9C9006F4FB1 /* Permanent_Data_StorageUITests.swift in Sources */,
			);
			runOnlyForDeploymentPostprocessing = 0;
		};
/* End PBXSourcesBuildPhase section */

/* Begin PBXTargetDependency section */
		412263511DBBA9C9006F4FB1 /* PBXTargetDependency */ = {
			isa = PBXTargetDependency;
			target = 4122633A1DBBA9C9006F4FB1 /* Permanent Data Storage */;
			targetProxy = 412263501DBBA9C9006F4FB1 /* PBXContainerItemProxy */;
		};
		4122635C1DBBA9C9006F4FB1 /* PBXTargetDependency */ = {
			isa = PBXTargetDependency;
			target = 4122633A1DBBA9C9006F4FB1 /* Permanent Data Storage */;
			targetProxy = 4122635B1DBBA9C9006F4FB1 /* PBXContainerItemProxy */;
		};
/* End PBXTargetDependency section */

/* Begin PBXVariantGroup section */
		412263421DBBA9C9006F4FB1 /* Main.storyboard */ = {
			isa = PBXVariantGroup;
			children = (
				412263431DBBA9C9006F4FB1 /* Base */,
			);
			name = Main.storyboard;
			sourceTree = "<group>";
		};
		412263471DBBA9C9006F4FB1 /* LaunchScreen.storyboard */ = {
			isa = PBXVariantGroup;
			children = (
				412263481DBBA9C9006F4FB1 /* Base */,
			);
			name = LaunchScreen.storyboard;
			sourceTree = "<group>";
		};
/* End PBXVariantGroup section */

/* Begin XCBuildConfiguration section */
		412263611DBBA9C9006F4FB1 /* Debug */ = {
			isa = XCBuildConfiguration;
			buildSettings = {
				ALWAYS_SEARCH_USER_PATHS = NO;
				CLANG_ANALYZER_NONNULL = YES;
				CLANG_CXX_LANGUAGE_STANDARD = "gnu++0x";
				CLANG_CXX_LIBRARY = "libc++";
				CLANG_ENABLE_MODULES = YES;
				CLANG_ENABLE_OBJC_ARC = YES;
				CLANG_WARN_BOOL_CONVERSION = YES;
				CLANG_WARN_CONSTANT_CONVERSION = YES;
				CLANG_WARN_DIRECT_OBJC_ISA_USAGE = YES_ERROR;
				CLANG_WARN_DOCUMENTATION_COMMENTS = YES;
				CLANG_WARN_EMPTY_BODY = YES;
				CLANG_WARN_ENUM_CONVERSION = YES;
				CLANG_WARN_INFINITE_RECURSION = YES;
				CLANG_WARN_INT_CONVERSION = YES;
				CLANG_WARN_OBJC_ROOT_CLASS = YES_ERROR;
				CLANG_WARN_SUSPICIOUS_MOVES = YES;
				CLANG_WARN_UNREACHABLE_CODE = YES;
				CLANG_WARN__DUPLICATE_METHOD_MATCH = YES;
				"CODE_SIGN_IDENTITY[sdk=iphoneos*]" = "iPhone Developer";
				COPY_PHASE_STRIP = NO;
				DEBUG_INFORMATION_FORMAT = dwarf;
				ENABLE_STRICT_OBJC_MSGSEND = YES;
				ENABLE_TESTABILITY = YES;
				GCC_C_LANGUAGE_STANDARD = gnu99;
				GCC_DYNAMIC_NO_PIC = NO;
				GCC_NO_COMMON_BLOCKS = YES;
				GCC_OPTIMIZATION_LEVEL = 0;
				GCC_PREPROCESSOR_DEFINITIONS = (
					"DEBUG=1",
					"$(inherited)",
				);
				GCC_WARN_64_TO_32_BIT_CONVERSION = YES;
				GCC_WARN_ABOUT_RETURN_TYPE = YES_ERROR;
				GCC_WARN_UNDECLARED_SELECTOR = YES;
				GCC_WARN_UNINITIALIZED_AUTOS = YES_AGGRESSIVE;
				GCC_WARN_UNUSED_FUNCTION = YES;
				GCC_WARN_UNUSED_VARIABLE = YES;
				IPHONEOS_DEPLOYMENT_TARGET = 10.0;
				MTL_ENABLE_DEBUG_INFO = YES;
				ONLY_ACTIVE_ARCH = YES;
				SDKROOT = iphoneos;
				SWIFT_ACTIVE_COMPILATION_CONDITIONS = DEBUG;
				SWIFT_OPTIMIZATION_LEVEL = "-Onone";
			};
			name = Debug;
		};
		412263621DBBA9C9006F4FB1 /* Release */ = {
			isa = XCBuildConfiguration;
			buildSettings = {
				ALWAYS_SEARCH_USER_PATHS = NO;
				CLANG_ANALYZER_NONNULL = YES;
				CLANG_CXX_LANGUAGE_STANDARD = "gnu++0x";
				CLANG_CXX_LIBRARY = "libc++";
				CLANG_ENABLE_MODULES = YES;
				CLANG_ENABLE_OBJC_ARC = YES;
				CLANG_WARN_BOOL_CONVERSION = YES;
				CLANG_WARN_CONSTANT_CONVERSION = YES;
				CLANG_WARN_DIRECT_OBJC_ISA_USAGE = YES_ERROR;
				CLANG_WARN_DOCUMENTATION_COMMENTS = YES;
				CLANG_WARN_EMPTY_BODY = YES;
				CLANG_WARN_ENUM_CONVERSION = YES;
				CLANG_WARN_INFINITE_RECURSION = YES;
				CLANG_WARN_INT_CONVERSION = YES;
				CLANG_WARN_OBJC_ROOT_CLASS = YES_ERROR;
				CLANG_WARN_SUSPICIOUS_MOVES = YES;
				CLANG_WARN_UNREACHABLE_CODE = YES;
				CLANG_WARN__DUPLICATE_METHOD_MATCH = YES;
				"CODE_SIGN_IDENTITY[sdk=iphoneos*]" = "iPhone Developer";
				COPY_PHASE_STRIP = NO;
				DEBUG_INFORMATION_FORMAT = "dwarf-with-dsym";
				ENABLE_NS_ASSERTIONS = NO;
				ENABLE_STRICT_OBJC_MSGSEND = YES;
				GCC_C_LANGUAGE_STANDARD = gnu99;
				GCC_NO_COMMON_BLOCKS = YES;
				GCC_WARN_64_TO_32_BIT_CONVERSION = YES;
				GCC_WARN_ABOUT_RETURN_TYPE = YES_ERROR;
				GCC_WARN_UNDECLARED_SELECTOR = YES;
				GCC_WARN_UNINITIALIZED_AUTOS = YES_AGGRESSIVE;
				GCC_WARN_UNUSED_FUNCTION = YES;
				GCC_WARN_UNUSED_VARIABLE = YES;
				IPHONEOS_DEPLOYMENT_TARGET = 10.0;
				MTL_ENABLE_DEBUG_INFO = NO;
				SDKROOT = iphoneos;
				SWIFT_OPTIMIZATION_LEVEL = "-Owholemodule";
				VALIDATE_PRODUCT = YES;
			};
			name = Release;
		};
		412263641DBBA9C9006F4FB1 /* Debug */ = {
			isa = XCBuildConfiguration;
			buildSettings = {
				ASSETCATALOG_COMPILER_APPICON_NAME = AppIcon;
				INFOPLIST_FILE = "Permanent Data Storage/Info.plist";
				LD_RUNPATH_SEARCH_PATHS = "$(inherited) @executable_path/Frameworks";
				PRODUCT_BUNDLE_IDENTIFIER = "com.rahullakhaney.Permanent-Data-Storage";
				PRODUCT_NAME = "$(TARGET_NAME)";
				SWIFT_VERSION = 3.0;
			};
			name = Debug;
		};
		412263651DBBA9C9006F4FB1 /* Release */ = {
			isa = XCBuildConfiguration;
			buildSettings = {
				ASSETCATALOG_COMPILER_APPICON_NAME = AppIcon;
				INFOPLIST_FILE = "Permanent Data Storage/Info.plist";
				LD_RUNPATH_SEARCH_PATHS = "$(inherited) @executable_path/Frameworks";
				PRODUCT_BUNDLE_IDENTIFIER = "com.rahullakhaney.Permanent-Data-Storage";
				PRODUCT_NAME = "$(TARGET_NAME)";
				SWIFT_VERSION = 3.0;
			};
			name = Release;
		};
		412263671DBBA9C9006F4FB1 /* Debug */ = {
			isa = XCBuildConfiguration;
			buildSettings = {
				ALWAYS_EMBED_SWIFT_STANDARD_LIBRARIES = YES;
				BUNDLE_LOADER = "$(TEST_HOST)";
				INFOPLIST_FILE = "Permanent Data StorageTests/Info.plist";
				LD_RUNPATH_SEARCH_PATHS = "$(inherited) @executable_path/Frameworks @loader_path/Frameworks";
				PRODUCT_BUNDLE_IDENTIFIER = "com.rahullakhaney.Permanent-Data-StorageTests";
				PRODUCT_NAME = "$(TARGET_NAME)";
				SWIFT_VERSION = 3.0;
				TEST_HOST = "$(BUILT_PRODUCTS_DIR)/Permanent Data Storage.app/Permanent Data Storage";
			};
			name = Debug;
		};
		412263681DBBA9C9006F4FB1 /* Release */ = {
			isa = XCBuildConfiguration;
			buildSettings = {
				ALWAYS_EMBED_SWIFT_STANDARD_LIBRARIES = YES;
				BUNDLE_LOADER = "$(TEST_HOST)";
				INFOPLIST_FILE = "Permanent Data StorageTests/Info.plist";
				LD_RUNPATH_SEARCH_PATHS = "$(inherited) @executable_path/Frameworks @loader_path/Frameworks";
				PRODUCT_BUNDLE_IDENTIFIER = "com.rahullakhaney.Permanent-Data-StorageTests";
				PRODUCT_NAME = "$(TARGET_NAME)";
				SWIFT_VERSION = 3.0;
				TEST_HOST = "$(BUILT_PRODUCTS_DIR)/Permanent Data Storage.app/Permanent Data Storage";
			};
			name = Release;
		};
		4122636A1DBBA9C9006F4FB1 /* Debug */ = {
			isa = XCBuildConfiguration;
			buildSettings = {
				ALWAYS_EMBED_SWIFT_STANDARD_LIBRARIES = YES;
				INFOPLIST_FILE = "Permanent Data StorageUITests/Info.plist";
				LD_RUNPATH_SEARCH_PATHS = "$(inherited) @executable_path/Frameworks @loader_path/Frameworks";
				PRODUCT_BUNDLE_IDENTIFIER = "com.rahullakhaney.Permanent-Data-StorageUITests";
				PRODUCT_NAME = "$(TARGET_NAME)";
				SWIFT_VERSION = 3.0;
				TEST_TARGET_NAME = "Permanent Data Storage";
			};
			name = Debug;
		};
		4122636B1DBBA9C9006F4FB1 /* Release */ = {
			isa = XCBuildConfiguration;
			buildSettings = {
				ALWAYS_EMBED_SWIFT_STANDARD_LIBRARIES = YES;
				INFOPLIST_FILE = "Permanent Data StorageUITests/Info.plist";
				LD_RUNPATH_SEARCH_PATHS = "$(inherited) @executable_path/Frameworks @loader_path/Frameworks";
				PRODUCT_BUNDLE_IDENTIFIER = "com.rahullakhaney.Permanent-Data-StorageUITests";
				PRODUCT_NAME = "$(TARGET_NAME)";
				SWIFT_VERSION = 3.0;
				TEST_TARGET_NAME = "Permanent Data Storage";
			};
			name = Release;
		};
/* End XCBuildConfiguration section */

/* Begin XCConfigurationList section */
		412263361DBBA9C9006F4FB1 /* Build configuration list for PBXProject "Permanent Data Storage" */ = {
			isa = XCConfigurationList;
			buildConfigurations = (
				412263611DBBA9C9006F4FB1 /* Debug */,
				412263621DBBA9C9006F4FB1 /* Release */,
			);
			defaultConfigurationIsVisible = 0;
			defaultConfigurationName = Release;
		};
		412263631DBBA9C9006F4FB1 /* Build configuration list for PBXNativeTarget "Permanent Data Storage" */ = {
			isa = XCConfigurationList;
			buildConfigurations = (
				412263641DBBA9C9006F4FB1 /* Debug */,
				412263651DBBA9C9006F4FB1 /* Release */,
			);
			defaultConfigurationIsVisible = 0;
		};
		412263661DBBA9C9006F4FB1 /* Build configuration list for PBXNativeTarget "Permanent Data StorageTests" */ = {
			isa = XCConfigurationList;
			buildConfigurations = (
				412263671DBBA9C9006F4FB1 /* Debug */,
				412263681DBBA9C9006F4FB1 /* Release */,
			);
			defaultConfigurationIsVisible = 0;
		};
		412263691DBBA9C9006F4FB1 /* Build configuration list for PBXNativeTarget "Permanent Data StorageUITests" */ = {
			isa = XCConfigurationList;
			buildConfigurations = (
				4122636A1DBBA9C9006F4FB1 /* Debug */,
				4122636B1DBBA9C9006F4FB1 /* Release */,
			);
			defaultConfigurationIsVisible = 0;
		};
/* End XCConfigurationList section */
	};
	rootObject = 412263331DBBA9C9006F4FB1 /* Project object */;
}
